
Microsoft Visual Studio Solution File, Format Version 10.00
# Visual C++ Express 2008
Project("{8BC9CEB8-8B4A-11D0-8D11-00A0C91BC942}") = "D3D9Drv", "D3D9Drv.vcproj", "{D0BCAFD6-A6FC-4F74-9D18-52E96790850A}"
EndProject
Global
	GlobalSection(SolutionConfigurationPlatforms) = preSolution
		Debug|Win32 = Debug|Win32
		Release|Win32 = Release|Win32
	EndGlobalSection
	GlobalSection(ProjectConfigurationPlatforms) = postSolution
		{D0BCAFD6-A6FC-4F74-9D18-52E96790850A}.Debug|Win32.ActiveCfg = Debug|Win32
		{D0BCAFD6-A6FC-4F74-9D18-52E96790850A}.Debug|Win32.Build.0 = Debug|Win32
		{D0BCAFD6-A6FC-4F74-9D18-52E96790850A}.Release|Win32.ActiveCfg = Release|Win32
		{D0BCAFD6-A6FC-4F74-9D18-52E96790850A}.Release|Win32.Build.0 = Release|Win32
	EndGlobalSection
	GlobalSection(SolutionProperties) = preSolution
		HideSolutionNode = FALSE
	EndGlobalSection
EndGlobal
