
Microsoft Visual Studio Solution File, Format Version 10.00
# Visual C++ Express 2008
Project("{8BC9CEB8-8B4A-11D0-8D11-00A0C91BC942}") = "D3DDrv", "D3DDrv\Src\D3DDrv.vcproj", "{86DDDF61-DF7E-4BE8-876F-87106917BD90}"
EndProject
Project("{8BC9CEB8-8B4A-11D0-8D11-00A0C91BC942}") = "SampleNativePackage", "SampleNativePackage\SampleNativePackage.vcproj", "{A10FD76D-CC46-4FA2-84B3-7D2FD05E398C}"
EndProject
Project("{8BC9CEB8-8B4A-11D0-8D11-00A0C91BC942}") = "Setup", "Setup\Src\Setup.vcproj", "{A259492F-C676-4727-85B1-E1FB3C511FCC}"
EndProject
Project("{8BC9CEB8-8B4A-11D0-8D11-00A0C91BC942}") = "UCC", "UCC\Src\UCC.vcproj", "{0F247A26-64C0-4F9B-A09A-AE95CADC9731}"
EndProject
Project("{8BC9CEB8-8B4A-11D0-8D11-00A0C91BC942}") = "D3D9Drv", "D3D9Drv\Src\D3D9Drv.vcproj", "{D0BCAFD6-A6FC-4F74-9D18-52E96790850A}"
EndProject
Project("{8BC9CEB8-8B4A-11D0-8D11-00A0C91BC942}") = "OpenGLDrv", "OpenGLDrv\Src\OpenGLDrv.vcproj", "{1B05F765-576B-4D5B-A62D-7288972BC917}"
EndProject
Project("{8BC9CEB8-8B4A-11D0-8D11-00A0C91BC942}") = "SDLLaunch", "SDLLaunch\Src\SDLLaunch.vcproj", "{9FC1ADA8-72AE-4CD6-9AA4-880152F65F93}"
EndProject
Project("{8BC9CEB8-8B4A-11D0-8D11-00A0C91BC942}") = "SDLDrv", "SDLDrv\Src\SDLDrv.vcproj", "{699AE7A0-2DDD-11DF-9095-7B1D56D89593}"
EndProject
Project("{8BC9CEB8-8B4A-11D0-8D11-00A0C91BC942}") = "ALAudio", "ALAudio\Src\ALAudio.vcproj", "{3F24EF9A-2DE0-11DF-BC24-3D3356D89593}"
EndProject
Global
	GlobalSection(SolutionConfigurationPlatforms) = preSolution
		Debug|Win32 = Debug|Win32
		Release|Win32 = Release|Win32
	EndGlobalSection
	GlobalSection(ProjectConfigurationPlatforms) = postSolution
		{86DDDF61-DF7E-4BE8-876F-87106917BD90}.Debug|Win32.ActiveCfg = Release|Win32
		{86DDDF61-DF7E-4BE8-876F-87106917BD90}.Debug|Win32.Build.0 = Release|Win32
		{86DDDF61-DF7E-4BE8-876F-87106917BD90}.Release|Win32.ActiveCfg = Release|Win32
		{86DDDF61-DF7E-4BE8-876F-87106917BD90}.Release|Win32.Build.0 = Release|Win32
		{A10FD76D-CC46-4FA2-84B3-7D2FD05E398C}.Debug|Win32.ActiveCfg = Release|Win32
		{A10FD76D-CC46-4FA2-84B3-7D2FD05E398C}.Debug|Win32.Build.0 = Release|Win32
		{A10FD76D-CC46-4FA2-84B3-7D2FD05E398C}.Release|Win32.ActiveCfg = Release|Win32
		{A10FD76D-CC46-4FA2-84B3-7D2FD05E398C}.Release|Win32.Build.0 = Release|Win32
		{A259492F-C676-4727-85B1-E1FB3C511FCC}.Debug|Win32.ActiveCfg = Release|Win32
		{A259492F-C676-4727-85B1-E1FB3C511FCC}.Debug|Win32.Build.0 = Release|Win32
		{A259492F-C676-4727-85B1-E1FB3C511FCC}.Release|Win32.ActiveCfg = Release|Win32
		{A259492F-C676-4727-85B1-E1FB3C511FCC}.Release|Win32.Build.0 = Release|Win32
		{0F247A26-64C0-4F9B-A09A-AE95CADC9731}.Debug|Win32.ActiveCfg = Release|Win32
		{0F247A26-64C0-4F9B-A09A-AE95CADC9731}.Debug|Win32.Build.0 = Release|Win32
		{0F247A26-64C0-4F9B-A09A-AE95CADC9731}.Release|Win32.ActiveCfg = Release|Win32
		{0F247A26-64C0-4F9B-A09A-AE95CADC9731}.Release|Win32.Build.0 = Release|Win32
		{D0BCAFD6-A6FC-4F74-9D18-52E96790850A}.Debug|Win32.ActiveCfg = Release|Win32
		{D0BCAFD6-A6FC-4F74-9D18-52E96790850A}.Debug|Win32.Build.0 = Release|Win32
		{D0BCAFD6-A6FC-4F74-9D18-52E96790850A}.Release|Win32.ActiveCfg = Release|Win32
		{D0BCAFD6-A6FC-4F74-9D18-52E96790850A}.Release|Win32.Build.0 = Release|Win32
		{1B05F765-576B-4D5B-A62D-7288972BC917}.Debug|Win32.ActiveCfg = Release|Win32
		{1B05F765-576B-4D5B-A62D-7288972BC917}.Debug|Win32.Build.0 = Release|Win32
		{1B05F765-576B-4D5B-A62D-7288972BC917}.Release|Win32.ActiveCfg = Release|Win32
		{1B05F765-576B-4D5B-A62D-7288972BC917}.Release|Win32.Build.0 = Release|Win32
		{9FC1ADA8-72AE-4CD6-9AA4-880152F65F93}.Debug|Win32.ActiveCfg = Release|Win32
		{9FC1ADA8-72AE-4CD6-9AA4-880152F65F93}.Debug|Win32.Build.0 = Release|Win32
		{9FC1ADA8-72AE-4CD6-9AA4-880152F65F93}.Release|Win32.ActiveCfg = Release|Win32
		{9FC1ADA8-72AE-4CD6-9AA4-880152F65F93}.Release|Win32.Build.0 = Release|Win32
		{699AE7A0-2DDD-11DF-9095-7B1D56D89593}.Debug|Win32.ActiveCfg = Release|Win32
		{699AE7A0-2DDD-11DF-9095-7B1D56D89593}.Debug|Win32.Build.0 = Release|Win32
		{699AE7A0-2DDD-11DF-9095-7B1D56D89593}.Release|Win32.ActiveCfg = Release|Win32
		{699AE7A0-2DDD-11DF-9095-7B1D56D89593}.Release|Win32.Build.0 = Release|Win32
		{3F24EF9A-2DE0-11DF-BC24-3D3356D89593}.Debug|Win32.ActiveCfg = Release|Win32
		{3F24EF9A-2DE0-11DF-BC24-3D3356D89593}.Debug|Win32.Build.0 = Release|Win32
		{3F24EF9A-2DE0-11DF-BC24-3D3356D89593}.Release|Win32.ActiveCfg = Release|Win32
		{3F24EF9A-2DE0-11DF-BC24-3D3356D89593}.Release|Win32.Build.0 = Release|Win32
	EndGlobalSection
	GlobalSection(SolutionProperties) = preSolution
		HideSolutionNode = FALSE
	EndGlobalSection
EndGlobal
